
Microsoft Visual Studio Solution File, Format Version 12.00
# Visual Studio Version 17
VisualStudioVersion = 17.13.35825.156 d17.13
MinimumVisualStudioVersion = 10.0.40219.1
Project("{FAE04EC0-301F-11D3-BF4B-00C04F79EFBC}") = "Shop", "Shop\Shop.csproj", "{684F6A7F-AD02-48CE-B3BA-DE3A863A47A1}"
EndProject
Global
	GlobalSection(SolutionConfigurationPlatforms) = preSolution
		Debug|Any CPU = Debug|Any CPU
		Release|Any CPU = Release|Any CPU
	EndGlobalSection
	GlobalSection(ProjectConfigurationPlatforms) = postSolution
		{684F6A7F-AD02-48CE-B3BA-DE3A863A47A1}.Debug|Any CPU.ActiveCfg = Debug|Any CPU
		{684F6A7F-AD02-48CE-B3BA-DE3A863A47A1}.Debug|Any CPU.Build.0 = Debug|Any CPU
		{684F6A7F-AD02-48CE-B3BA-DE3A863A47A1}.Release|Any CPU.ActiveCfg = Release|Any CPU
		{684F6A7F-AD02-48CE-B3BA-DE3A863A47A1}.Release|Any CPU.Build.0 = Release|Any CPU
	EndGlobalSection
	GlobalSection(SolutionProperties) = preSolution
		HideSolutionNode = FALSE
	EndGlobalSection
	GlobalSection(ExtensibilityGlobals) = postSolution
		SolutionGuid = {CB1AD09D-9A28-45F1-A7A9-38EEE7A90A84}
	EndGlobalSection
EndGlobal
